// !$*UTF8*$!
{
	archiveVersion = 1;
	classes = {
	};
	objectVersion = 56;
	objects = {

/* Begin PBXBuildFile section */
		546233D02B0EC91300E5C1BC /* FileManager.swift in Sources */ = {isa = PBXBuildFile; fileRef = 546233CF2B0EC91300E5C1BC /* FileManager.swift */; };
		546233D42B0ECA7D00E5C1BC /* Error.swift in Sources */ = {isa = PBXBuildFile; fileRef = 546233D32B0ECA7D00E5C1BC /* Error.swift */; };
		54BDBFAE2B0D58B200F32D27 /* HighRollersApp.swift in Sources */ = {isa = PBXBuildFile; fileRef = 54BDBFAD2B0D58B200F32D27 /* HighRollersApp.swift */; };
		54BDBFB02B0D58B200F32D27 /* ContentView.swift in Sources */ = {isa = PBXBuildFile; fileRef = 54BDBFAF2B0D58B200F32D27 /* ContentView.swift */; };
		54BDBFB22B0D58B300F32D27 /* Assets.xcassets in Resources */ = {isa = PBXBuildFile; fileRef = 54BDBFB12B0D58B300F32D27 /* Assets.xcassets */; };
		54BDBFB52B0D58B300F32D27 /* Preview Assets.xcassets in Resources */ = {isa = PBXBuildFile; fileRef = 54BDBFB42B0D58B300F32D27 /* Preview Assets.xcassets */; };
		54BF51302B0D6008009956EC /* Dice.swift in Sources */ = {isa = PBXBuildFile; fileRef = 54BF512F2B0D6008009956EC /* Dice.swift */; };
/* End PBXBuildFile section */

/* Begin PBXFileReference section */
		546233CF2B0EC91300E5C1BC /* FileManager.swift */ = {isa = PBXFileReference; lastKnownFileType = sourcecode.swift; path = FileManager.swift; sourceTree = "<group>"; };
		546233D32B0ECA7D00E5C1BC /* Error.swift */ = {isa = PBXFileReference; lastKnownFileType = sourcecode.swift; path = Error.swift; sourceTree = "<group>"; };
		54BDBFAA2B0D58B200F32D27 /* HighRollers.app */ = {isa = PBXFileReference; explicitFileType = wrapper.application; includeInIndex = 0; path = HighRollers.app; sourceTree = BUILT_PRODUCTS_DIR; };
		54BDBFAD2B0D58B200F32D27 /* HighRollersApp.swift */ = {isa = PBXFileReference; lastKnownFileType = sourcecode.swift; path = HighRollersApp.swift; sourceTree = "<group>"; };
		54BDBFAF2B0D58B200F32D27 /* ContentView.swift */ = {isa = PBXFileReference; lastKnownFileType = sourcecode.swift; path = ContentView.swift; sourceTree = "<group>"; };
		54BDBFB12B0D58B300F32D27 /* Assets.xcassets */ = {isa = PBXFileReference; lastKnownFileType = folder.assetcatalog; path = Assets.xcassets; sourceTree = "<group>"; };
		54BDBFB42B0D58B300F32D27 /* Preview Assets.xcassets */ = {isa = PBXFileReference; lastKnownFileType = folder.assetcatalog; path = "Preview Assets.xcassets"; sourceTree = "<group>"; };
		54BF512F2B0D6008009956EC /* Dice.swift */ = {isa = PBXFileReference; lastKnownFileType = sourcecode.swift; path = Dice.swift; sourceTree = "<group>"; };
/* End PBXFileReference section */

/* Begin PBXFrameworksBuildPhase section */
		54BDBFA72B0D58B200F32D27 /* Frameworks */ = {
			isa = PBXFrameworksBuildPhase;
			buildActionMask = 2147483647;
			files = (
			);
			runOnlyForDeploymentPostprocessing = 0;
		};
/* End PBXFrameworksBuildPhase section */

/* Begin PBXGroup section */
		54BDBFA12B0D58B100F32D27 = {
			isa = PBXGroup;
			children = (
				54BDBFAC2B0D58B200F32D27 /* HighRollers */,
				54BDBFAB2B0D58B200F32D27 /* Products */,
			);
			sourceTree = "<group>";
		};
		54BDBFAB2B0D58B200F32D27 /* Products */ = {
			isa = PBXGroup;
			children = (
				54BDBFAA2B0D58B200F32D27 /* HighRollers.app */,
			);
			name = Products;
			sourceTree = "<group>";
		};
		54BDBFAC2B0D58B200F32D27 /* HighRollers */ = {
			isa = PBXGroup;
			children = (
				54BDBFAD2B0D58B200F32D27 /* HighRollersApp.swift */,
				54BDBFAF2B0D58B200F32D27 /* ContentView.swift */,
				54BF512F2B0D6008009956EC /* Dice.swift */,
				546233CF2B0EC91300E5C1BC /* FileManager.swift */,
				546233D32B0ECA7D00E5C1BC /* Error.swift */,
				54BDBFB12B0D58B300F32D27 /* Assets.xcassets */,
				54BDBFB32B0D58B300F32D27 /* Preview Content */,
			);
			path = HighRollers;
			sourceTree = "<group>";
		};
		54BDBFB32B0D58B300F32D27 /* Preview Content */ = {
			isa = PBXGroup;
			children = (
				54BDBFB42B0D58B300F32D27 /* Preview Assets.xcassets */,
			);
			path = "Preview Content";
			sourceTree = "<group>";
		};
/* End PBXGroup section */

/* Begin PBXNativeTarget section */
		54BDBFA92B0D58B200F32D27 /* HighRollers */ = {
			isa = PBXNativeTarget;
			buildConfigurationList = 54BDBFB82B0D58B300F32D27 /* Build configuration list for PBXNativeTarget "HighRollers" */;
			buildPhases = (
				54BDBFA62B0D58B200F32D27 /* Sources */,
				54BDBFA72B0D58B200F32D27 /* Frameworks */,
				54BDBFA82B0D58B200F32D27 /* Resources */,
			);
			buildRules = (
			);
			dependencies = (
			);
			name = HighRollers;
			productName = HighRollers;
			productReference = 54BDBFAA2B0D58B200F32D27 /* HighRollers.app */;
			productType = "com.apple.product-type.application";
		};
/* End PBXNativeTarget section */

/* Begin PBXProject section */
		54BDBFA22B0D58B100F32D27 /* Project object */ = {
			isa = PBXProject;
			attributes = {
				BuildIndependentTargetsInParallel = 1;
				LastSwiftUpdateCheck = 1500;
				LastUpgradeCheck = 1500;
				TargetAttributes = {
					54BDBFA92B0D58B200F32D27 = {
						CreatedOnToolsVersion = 15.0.1;
					};
				};
			};
			buildConfigurationList = 54BDBFA52B0D58B100F32D27 /* Build configuration list for PBXProject "HighRollers" */;
			compatibilityVersion = "Xcode 14.0";
			developmentRegion = en;
			hasScannedForEncodings = 0;
			knownRegions = (
				en,
				Base,
			);
			mainGroup = 54BDBFA12B0D58B100F32D27;
			productRefGroup = 54BDBFAB2B0D58B200F32D27 /* Products */;
			projectDirPath = "";
			projectRoot = "";
			targets = (
				54BDBFA92B0D58B200F32D27 /* HighRollers */,
			);
		};
/* End PBXProject section */

/* Begin PBXResourcesBuildPhase section */
		54BDBFA82B0D58B200F32D27 /* Resources */ = {
			isa = PBXResourcesBuildPhase;
			buildActionMask = 2147483647;
			files = (
				54BDBFB52B0D58B300F32D27 /* Preview Assets.xcassets in Resources */,
				54BDBFB22B0D58B300F32D27 /* Assets.xcassets in Resources */,
			);
			runOnlyForDeploymentPostprocessing = 0;
		};
/* End PBXResourcesBuildPhase section */

/* Begin PBXSourcesBuildPhase section */
		54BDBFA62B0D58B200F32D27 /* Sources */ = {
			isa = PBXSourcesBuildPhase;
			buildActionMask = 2147483647;
			files = (
				54BDBFB02B0D58B200F32D27 /* ContentView.swift in Sources */,
				54BF51302B0D6008009956EC /* Dice.swift in Sources */,
				54BDBFAE2B0D58B200F32D27 /* HighRollersApp.swift in Sources */,
				546233D42B0ECA7D00E5C1BC /* Error.swift in Sources */,
				546233D02B0EC91300E5C1BC /* FileManager.swift in Sources */,
			);
			runOnlyForDeploymentPostprocessing = 0;
		};
/* End PBXSourcesBuildPhase section */

/* Begin XCBuildConfiguration section */
		54BDBFB62B0D58B300F32D27 /* Debug */ = {
			isa = XCBuildConfiguration;
			buildSettings = {
				ALWAYS_SEARCH_USER_PATHS = NO;
				ASSETCATALOG_COMPILER_GENERATE_SWIFT_ASSET_SYMBOL_EXTENSIONS = YES;
				CLANG_ANALYZER_NONNULL = YES;
				CLANG_ANALYZER_NUMBER_OBJECT_CONVERSION = YES_AGGRESSIVE;
				CLANG_CXX_LANGUAGE_STANDARD = "gnu++20";
				CLANG_ENABLE_MODULES = YES;
				CLANG_ENABLE_OBJC_ARC = YES;
				CLANG_ENABLE_OBJC_WEAK = YES;
				CLANG_WARN_BLOCK_CAPTURE_AUTORELEASING = YES;
				CLANG_WARN_BOOL_CONVERSION = YES;
				CLANG_WARN_COMMA = YES;
				CLANG_WARN_CONSTANT_CONVERSION = YES;
				CLANG_WARN_DEPRECATED_OBJC_IMPLEMENTATIONS = YES;
				CLANG_WARN_DIRECT_OBJC_ISA_USAGE = YES_ERROR;
				CLANG_WARN_DOCUMENTATION_COMMENTS = YES;
				CLANG_WARN_EMPTY_BODY = YES;
				CLANG_WARN_ENUM_CONVERSION = YES;
				CLANG_WARN_INFINITE_RECURSION = YES;
				CLANG_WARN_INT_CONVERSION = YES;
				CLANG_WARN_NON_LITERAL_NULL_CONVERSION = YES;
				CLANG_WARN_OBJC_IMPLICIT_RETAIN_SELF = YES;
				CLANG_WARN_OBJC_LITERAL_CONVERSION = YES;
				CLANG_WARN_OBJC_ROOT_CLASS = YES_ERROR;
				CLANG_WARN_QUOTED_INCLUDE_IN_FRAMEWORK_HEADER = YES;
				CLANG_WARN_RANGE_LOOP_ANALYSIS = YES;
				CLANG_WARN_STRICT_PROTOTYPES = YES;
				CLANG_WARN_SUSPICIOUS_MOVE = YES;
				CLANG_WARN_UNGUARDED_AVAILABILITY = YES_AGGRESSIVE;
				CLANG_WARN_UNREACHABLE_CODE = YES;
				CLANG_WARN__DUPLICATE_METHOD_MATCH = YES;
				COPY_PHASE_STRIP = NO;
				DEBUG_INFORMATION_FORMAT = dwarf;
				ENABLE_STRICT_OBJC_MSGSEND = YES;
				ENABLE_TESTABILITY = YES;
				ENABLE_USER_SCRIPT_SANDBOXING = YES;
				GCC_C_LANGUAGE_STANDARD = gnu17;
				GCC_DYNAMIC_NO_PIC = NO;
				GCC_NO_COMMON_BLOCKS = YES;
				GCC_OPTIMIZATION_LEVEL = 0;
				GCC_PREPROCESSOR_DEFINITIONS = (
					"DEBUG=1",
					"$(inherited)",
				);
				GCC_WARN_64_TO_32_BIT_CONVERSION = YES;
				GCC_WARN_ABOUT_RETURN_TYPE = YES_ERROR;
				GCC_WARN_UNDECLARED_SELECTOR = YES;
				GCC_WARN_UNINITIALIZED_AUTOS = YES_AGGRESSIVE;
				GCC_WARN_UNUSED_FUNCTION = YES;
				GCC_WARN_UNUSED_VARIABLE = YES;
				IPHONEOS_DEPLOYMENT_TARGET = 17.0;
				LOCALIZATION_PREFERS_STRING_CATALOGS = YES;
				MTL_ENABLE_DEBUG_INFO = INCLUDE_SOURCE;
				MTL_FAST_MATH = YES;
				ONLY_ACTIVE_ARCH = YES;
				SDKROOT = iphoneos;
				SWIFT_ACTIVE_COMPILATION_CONDITIONS = "DEBUG $(inherited)";
				SWIFT_OPTIMIZATION_LEVEL = "-Onone";
			};
			name = Debug;
		};
		54BDBFB72B0D58B300F32D27 /* Release */ = {
			isa = XCBuildConfiguration;
			buildSettings = {
				ALWAYS_SEARCH_USER_PATHS = NO;
				ASSETCATALOG_COMPILER_GENERATE_SWIFT_ASSET_SYMBOL_EXTENSIONS = YES;
				CLANG_ANALYZER_NONNULL = YES;
				CLANG_ANALYZER_NUMBER_OBJECT_CONVERSION = YES_AGGRESSIVE;
				CLANG_CXX_LANGUAGE_STANDARD = "gnu++20";
				CLANG_ENABLE_MODULES = YES;
				CLANG_ENABLE_OBJC_ARC = YES;
				CLANG_ENABLE_OBJC_WEAK = YES;
				CLANG_WARN_BLOCK_CAPTURE_AUTORELEASING = YES;
				CLANG_WARN_BOOL_CONVERSION = YES;
				CLANG_WARN_COMMA = YES;
				CLANG_WARN_CONSTANT_CONVERSION = YES;
				CLANG_WARN_DEPRECATED_OBJC_IMPLEMENTATIONS = YES;
				CLANG_WARN_DIRECT_OBJC_ISA_USAGE = YES_ERROR;
				CLANG_WARN_DOCUMENTATION_COMMENTS = YES;
				CLANG_WARN_EMPTY_BODY = YES;
				CLANG_WARN_ENUM_CONVERSION = YES;
				CLANG_WARN_INFINITE_RECURSION = YES;
				CLANG_WARN_INT_CONVERSION = YES;
				CLANG_WARN_NON_LITERAL_NULL_CONVERSION = YES;
				CLANG_WARN_OBJC_IMPLICIT_RETAIN_SELF = YES;
				CLANG_WARN_OBJC_LITERAL_CONVERSION = YES;
				CLANG_WARN_OBJC_ROOT_CLASS = YES_ERROR;
				CLANG_WARN_QUOTED_INCLUDE_IN_FRAMEWORK_HEADER = YES;
				CLANG_WARN_RANGE_LOOP_ANALYSIS = YES;
				CLANG_WARN_STRICT_PROTOTYPES = YES;
				CLANG_WARN_SUSPICIOUS_MOVE = YES;
				CLANG_WARN_UNGUARDED_AVAILABILITY = YES_AGGRESSIVE;
				CLANG_WARN_UNREACHABLE_CODE = YES;
				CLANG_WARN__DUPLICATE_METHOD_MATCH = YES;
				COPY_PHASE_STRIP = NO;
				DEBUG_INFORMATION_FORMAT = "dwarf-with-dsym";
				ENABLE_NS_ASSERTIONS = NO;
				ENABLE_STRICT_OBJC_MSGSEND = YES;
				ENABLE_USER_SCRIPT_SANDBOXING = YES;
				GCC_C_LANGUAGE_STANDARD = gnu17;
				GCC_NO_COMMON_BLOCKS = YES;
				GCC_WARN_64_TO_32_BIT_CONVERSION = YES;
				GCC_WARN_ABOUT_RETURN_TYPE = YES_ERROR;
				GCC_WARN_UNDECLARED_SELECTOR = YES;
				GCC_WARN_UNINITIALIZED_AUTOS = YES_AGGRESSIVE;
				GCC_WARN_UNUSED_FUNCTION = YES;
				GCC_WARN_UNUSED_VARIABLE = YES;
				IPHONEOS_DEPLOYMENT_TARGET = 17.0;
				LOCALIZATION_PREFERS_STRING_CATALOGS = YES;
				MTL_ENABLE_DEBUG_INFO = NO;
				MTL_FAST_MATH = YES;
				SDKROOT = iphoneos;
				SWIFT_COMPILATION_MODE = wholemodule;
				VALIDATE_PRODUCT = YES;
			};
			name = Release;
		};
		54BDBFB92B0D58B300F32D27 /* Debug */ = {
			isa = XCBuildConfiguration;
			buildSettings = {
				ASSETCATALOG_COMPILER_APPICON_NAME = AppIcon;
				ASSETCATALOG_COMPILER_GLOBAL_ACCENT_COLOR_NAME = AccentColor;
				CODE_SIGN_STYLE = Automatic;
				CURRENT_PROJECT_VERSION = 1;
				DEVELOPMENT_ASSET_PATHS = "\"HighRollers/Preview Content\"";
				DEVELOPMENT_TEAM = Y8KJ5U265L;
				ENABLE_PREVIEWS = YES;
				GENERATE_INFOPLIST_FILE = YES;
				INFOPLIST_KEY_UIApplicationSceneManifest_Generation = YES;
				INFOPLIST_KEY_UIApplicationSupportsIndirectInputEvents = YES;
				INFOPLIST_KEY_UILaunchScreen_Generation = YES;
				INFOPLIST_KEY_UISupportedInterfaceOrientations_iPad = "UIInterfaceOrientationPortrait UIInterfaceOrientationPortraitUpsideDown UIInterfaceOrientationLandscapeLeft UIInterfaceOrientationLandscapeRight";
				INFOPLIST_KEY_UISupportedInterfaceOrientations_iPhone = "UIInterfaceOrientationPortrait UIInterfaceOrientationLandscapeLeft UIInterfaceOrientationLandscapeRight";
				LD_RUNPATH_SEARCH_PATHS = (
					"$(inherited)",
					"@executable_path/Frameworks",
				);
				MARKETING_VERSION = 1.0;
				PRODUCT_BUNDLE_IDENTIFIER = NikkiW.HighRollers;
				PRODUCT_NAME = "$(TARGET_NAME)";
				SWIFT_EMIT_LOC_STRINGS = YES;
				SWIFT_VERSION = 5.0;
				TARGETED_DEVICE_FAMILY = "1,2";
			};
			name = Debug;
		};
		54BDBFBA2B0D58B300F32D27 /* Release */ = {
			isa = XCBuildConfiguration;
			buildSettings = {
				ASSETCATALOG_COMPILER_APPICON_NAME = AppIcon;
				ASSETCATALOG_COMPILER_GLOBAL_ACCENT_COLOR_NAME = AccentColor;
				CODE_SIGN_STYLE = Automatic;
				CURRENT_PROJECT_VERSION = 1;
				DEVELOPMENT_ASSET_PATHS = "\"HighRollers/Preview Content\"";
				DEVELOPMENT_TEAM = Y8KJ5U265L;
				ENABLE_PREVIEWS = YES;
				GENERATE_INFOPLIST_FILE = YES;
				INFOPLIST_KEY_UIApplicationSceneManifest_Generation = YES;
				INFOPLIST_KEY_UIApplicationSupportsIndirectInputEvents = YES;
				INFOPLIST_KEY_UILaunchScreen_Generation = YES;
				INFOPLIST_KEY_UISupportedInterfaceOrientations_iPad = "UIInterfaceOrientationPortrait UIInterfaceOrientationPortraitUpsideDown UIInterfaceOrientationLandscapeLeft UIInterfaceOrientationLandscapeRight";
				INFOPLIST_KEY_UISupportedInterfaceOrientations_iPhone = "UIInterfaceOrientationPortrait UIInterfaceOrientationLandscapeLeft UIInterfaceOrientationLandscapeRight";
				LD_RUNPATH_SEARCH_PATHS = (
					"$(inherited)",
					"@executable_path/Frameworks",
				);
				MARKETING_VERSION = 1.0;
				PRODUCT_BUNDLE_IDENTIFIER = NikkiW.HighRollers;
				PRODUCT_NAME = "$(TARGET_NAME)";
				SWIFT_EMIT_LOC_STRINGS = YES;
				SWIFT_VERSION = 5.0;
				TARGETED_DEVICE_FAMILY = "1,2";
			};
			name = Release;
		};
/* End XCBuildConfiguration section */

/* Begin XCConfigurationList section */
		54BDBFA52B0D58B100F32D27 /* Build configuration list for PBXProject "HighRollers" */ = {
			isa = XCConfigurationList;
			buildConfigurations = (
				54BDBFB62B0D58B300F32D27 /* Debug */,
				54BDBFB72B0D58B300F32D27 /* Release */,
			);
			defaultConfigurationIsVisible = 0;
			defaultConfigurationName = Release;
		};
		54BDBFB82B0D58B300F32D27 /* Build configuration list for PBXNativeTarget "HighRollers" */ = {
			isa = XCConfigurationList;
			buildConfigurations = (
				54BDBFB92B0D58B300F32D27 /* Debug */,
				54BDBFBA2B0D58B300F32D27 /* Release */,
			);
			defaultConfigurationIsVisible = 0;
			defaultConfigurationName = Release;
		};
/* End XCConfigurationList section */
	};
	rootObject = 54BDBFA22B0D58B100F32D27 /* Project object */;
}
